{
  "requires": true,
  "lockfileVersion": 1,
  "dependencies": {
    "callasync": {
      "version": "1.0.2",
      "resolved": "https://registry.npmjs.org/callasync/-/callasync-1.0.2.tgz",
      "integrity": "sha1-CR0sgsIov/abqbYaLWaCgRJ+01A="
    },
    "fg-loadcss": {
      "version": "2.0.1",
      "resolved": "https://registry.npmjs.org/fg-loadcss/-/fg-loadcss-2.0.1.tgz",
      "integrity": "sha512-gFtSJjMMt9it0OhXz4wJQT46/LFUrJ2Db6U/fLtwClBEMEEjmVPSWSYrbGCyFwy47Cd4ULOpR+HSWXVkUKciaQ=="
    },
    "loadcss": {
      "version": "0.0.2",
      "resolved": "https://registry.npmjs.org/loadcss/-/loadcss-0.0.2.tgz",
      "integrity": "sha1-eTmkSRbNJtjQO6uupTUK+cU85c0=",
      "requires": {
        "callasync": "1.0.2"
      }
    }
  }
}
